
Microsoft Visual Studio Solution File, Format Version 12.00
# Visual Studio 14
VisualStudioVersion = 14.0.23107.0
MinimumVisualStudioVersion = 10.0.40219.1
Project("{2150E333-8FDC-42A3-9474-1A3956D46DE8}") = "testUniveralApp", "testUniveralApp", "{04A28B36-DAE2-47E6-A124-277A08EFB502}"
EndProject
Project("{D954291E-2A0B-460D-934E-DC6B0785DB48}") = "testUniveralApp.Shared", "testUniveralApp\testUniveralApp.Shared\testUniveralApp.Shared.shproj", "{46994D86-A9CE-47B1-AAB1-845B0EF9BEF6}"
EndProject
Project("{FAE04EC0-301F-11D3-BF4B-00C04F79EFBC}") = "testUniveralApp.Windows", "testUniveralApp\testUniveralApp.Windows\testUniveralApp.Windows.csproj", "{F485EDAA-5955-41E3-A934-0BAD63E265A5}"
EndProject
Project("{FAE04EC0-301F-11D3-BF4B-00C04F79EFBC}") = "testUniveralApp.WindowsPhone", "testUniveralApp\testUniveralApp.WindowsPhone\testUniveralApp.WindowsPhone.csproj", "{74964F1D-537D-4D44-90C3-7A6E767E3AC3}"
EndProject
Global
	GlobalSection(SharedMSBuildProjectFiles) = preSolution
		testUniveralApp\testUniveralApp.Shared\testUniveralApp.Shared.projitems*{f485edaa-5955-41e3-a934-0bad63e265a5}*SharedItemsImports = 4
		testUniveralApp\testUniveralApp.Shared\testUniveralApp.Shared.projitems*{74964f1d-537d-4d44-90c3-7a6e767e3ac3}*SharedItemsImports = 4
		testUniveralApp\testUniveralApp.Shared\testUniveralApp.Shared.projitems*{46994d86-a9ce-47b1-aab1-845b0ef9bef6}*SharedItemsImports = 13
	EndGlobalSection
	GlobalSection(SolutionConfigurationPlatforms) = preSolution
		Debug|Any CPU = Debug|Any CPU
		Debug|ARM = Debug|ARM
		Debug|x64 = Debug|x64
		Debug|x86 = Debug|x86
		Release|Any CPU = Release|Any CPU
		Release|ARM = Release|ARM
		Release|x64 = Release|x64
		Release|x86 = Release|x86
	EndGlobalSection
	GlobalSection(ProjectConfigurationPlatforms) = postSolution
		{F485EDAA-5955-41E3-A934-0BAD63E265A5}.Debug|Any CPU.ActiveCfg = Debug|x86
		{F485EDAA-5955-41E3-A934-0BAD63E265A5}.Debug|Any CPU.Build.0 = Debug|x86
		{F485EDAA-5955-41E3-A934-0BAD63E265A5}.Debug|ARM.ActiveCfg = Debug|ARM
		{F485EDAA-5955-41E3-A934-0BAD63E265A5}.Debug|ARM.Build.0 = Debug|ARM
		{F485EDAA-5955-41E3-A934-0BAD63E265A5}.Debug|ARM.Deploy.0 = Debug|ARM
		{F485EDAA-5955-41E3-A934-0BAD63E265A5}.Debug|x64.ActiveCfg = Debug|x64
		{F485EDAA-5955-41E3-A934-0BAD63E265A5}.Debug|x64.Build.0 = Debug|x64
		{F485EDAA-5955-41E3-A934-0BAD63E265A5}.Debug|x64.Deploy.0 = Debug|x64
		{F485EDAA-5955-41E3-A934-0BAD63E265A5}.Debug|x86.ActiveCfg = Debug|x86
		{F485EDAA-5955-41E3-A934-0BAD63E265A5}.Debug|x86.Build.0 = Debug|x86
		{F485EDAA-5955-41E3-A934-0BAD63E265A5}.Debug|x86.Deploy.0 = Debug|x86
		{F485EDAA-5955-41E3-A934-0BAD63E265A5}.Release|Any CPU.ActiveCfg = Release|Any CPU
		{F485EDAA-5955-41E3-A934-0BAD63E265A5}.Release|Any CPU.Build.0 = Release|Any CPU
		{F485EDAA-5955-41E3-A934-0BAD63E265A5}.Release|Any CPU.Deploy.0 = Release|Any CPU
		{F485EDAA-5955-41E3-A934-0BAD63E265A5}.Release|ARM.ActiveCfg = Release|ARM
		{F485EDAA-5955-41E3-A934-0BAD63E265A5}.Release|ARM.Build.0 = Release|ARM
		{F485EDAA-5955-41E3-A934-0BAD63E265A5}.Release|ARM.Deploy.0 = Release|ARM
		{F485EDAA-5955-41E3-A934-0BAD63E265A5}.Release|x64.ActiveCfg = Release|x64
		{F485EDAA-5955-41E3-A934-0BAD63E265A5}.Release|x64.Build.0 = Release|x64
		{F485EDAA-5955-41E3-A934-0BAD63E265A5}.Release|x64.Deploy.0 = Release|x64
		{F485EDAA-5955-41E3-A934-0BAD63E265A5}.Release|x86.ActiveCfg = Release|x86
		{F485EDAA-5955-41E3-A934-0BAD63E265A5}.Release|x86.Build.0 = Release|x86
		{F485EDAA-5955-41E3-A934-0BAD63E265A5}.Release|x86.Deploy.0 = Release|x86
		{74964F1D-537D-4D44-90C3-7A6E767E3AC3}.Debug|Any CPU.ActiveCfg = Debug|ARM
		{74964F1D-537D-4D44-90C3-7A6E767E3AC3}.Debug|Any CPU.Build.0 = Debug|ARM
		{74964F1D-537D-4D44-90C3-7A6E767E3AC3}.Debug|Any CPU.Deploy.0 = Debug|ARM
		{74964F1D-537D-4D44-90C3-7A6E767E3AC3}.Debug|ARM.ActiveCfg = Debug|ARM
		{74964F1D-537D-4D44-90C3-7A6E767E3AC3}.Debug|ARM.Build.0 = Debug|ARM
		{74964F1D-537D-4D44-90C3-7A6E767E3AC3}.Debug|ARM.Deploy.0 = Debug|ARM
		{74964F1D-537D-4D44-90C3-7A6E767E3AC3}.Debug|x64.ActiveCfg = Debug|ARM
		{74964F1D-537D-4D44-90C3-7A6E767E3AC3}.Debug|x64.Build.0 = Debug|ARM
		{74964F1D-537D-4D44-90C3-7A6E767E3AC3}.Debug|x64.Deploy.0 = Debug|ARM
		{74964F1D-537D-4D44-90C3-7A6E767E3AC3}.Debug|x86.ActiveCfg = Debug|ARM
		{74964F1D-537D-4D44-90C3-7A6E767E3AC3}.Debug|x86.Build.0 = Debug|ARM
		{74964F1D-537D-4D44-90C3-7A6E767E3AC3}.Debug|x86.Deploy.0 = Debug|ARM
		{74964F1D-537D-4D44-90C3-7A6E767E3AC3}.Release|Any CPU.ActiveCfg = Release|Any CPU
		{74964F1D-537D-4D44-90C3-7A6E767E3AC3}.Release|Any CPU.Build.0 = Release|Any CPU
		{74964F1D-537D-4D44-90C3-7A6E767E3AC3}.Release|Any CPU.Deploy.0 = Release|Any CPU
		{74964F1D-537D-4D44-90C3-7A6E767E3AC3}.Release|ARM.ActiveCfg = Release|ARM
		{74964F1D-537D-4D44-90C3-7A6E767E3AC3}.Release|ARM.Build.0 = Release|ARM
		{74964F1D-537D-4D44-90C3-7A6E767E3AC3}.Release|ARM.Deploy.0 = Release|ARM
		{74964F1D-537D-4D44-90C3-7A6E767E3AC3}.Release|x64.ActiveCfg = Release|Any CPU
		{74964F1D-537D-4D44-90C3-7A6E767E3AC3}.Release|x64.Build.0 = Release|Any CPU
		{74964F1D-537D-4D44-90C3-7A6E767E3AC3}.Release|x64.Deploy.0 = Release|Any CPU
		{74964F1D-537D-4D44-90C3-7A6E767E3AC3}.Release|x86.ActiveCfg = Release|x86
		{74964F1D-537D-4D44-90C3-7A6E767E3AC3}.Release|x86.Build.0 = Release|x86
		{74964F1D-537D-4D44-90C3-7A6E767E3AC3}.Release|x86.Deploy.0 = Release|x86
	EndGlobalSection
	GlobalSection(SolutionProperties) = preSolution
		HideSolutionNode = FALSE
	EndGlobalSection
	GlobalSection(NestedProjects) = preSolution
		{46994D86-A9CE-47B1-AAB1-845B0EF9BEF6} = {04A28B36-DAE2-47E6-A124-277A08EFB502}
		{F485EDAA-5955-41E3-A934-0BAD63E265A5} = {04A28B36-DAE2-47E6-A124-277A08EFB502}
		{74964F1D-537D-4D44-90C3-7A6E767E3AC3} = {04A28B36-DAE2-47E6-A124-277A08EFB502}
	EndGlobalSection
EndGlobal
